
Microsoft Visual Studio Solution File, Format Version 12.00
# Visual Studio Version 16
VisualStudioVersion = 16.0.30907.101
MinimumVisualStudioVersion = 10.0.40219.1
Project("{9A19103F-16F7-4668-BE54-9A1E7A4F7556}") = "LinkedListDS", "LinkedListDS\LinkedListDS.csproj", "{71CF4AD8-7FEB-4BAC-883E-54507083B4E7}"
EndProject
Project("{FAE04EC0-301F-11D3-BF4B-00C04F79EFBC}") = "LinkedListNUnitTest", "LinkedListNUnitTest\LinkedListNUnitTest.csproj", "{835C93AC-E0D8-45BB-A555-5194BDF20B2F}"
EndProject
Global
	GlobalSection(SolutionConfigurationPlatforms) = preSolution
		Debug|Any CPU = Debug|Any CPU
		Release|Any CPU = Release|Any CPU
	EndGlobalSection
	GlobalSection(ProjectConfigurationPlatforms) = postSolution
		{71CF4AD8-7FEB-4BAC-883E-54507083B4E7}.Debug|Any CPU.ActiveCfg = Debug|Any CPU
		{71CF4AD8-7FEB-4BAC-883E-54507083B4E7}.Debug|Any CPU.Build.0 = Debug|Any CPU
		{71CF4AD8-7FEB-4BAC-883E-54507083B4E7}.Release|Any CPU.ActiveCfg = Release|Any CPU
		{71CF4AD8-7FEB-4BAC-883E-54507083B4E7}.Release|Any CPU.Build.0 = Release|Any CPU
		{835C93AC-E0D8-45BB-A555-5194BDF20B2F}.Debug|Any CPU.ActiveCfg = Debug|Any CPU
		{835C93AC-E0D8-45BB-A555-5194BDF20B2F}.Debug|Any CPU.Build.0 = Debug|Any CPU
		{835C93AC-E0D8-45BB-A555-5194BDF20B2F}.Release|Any CPU.ActiveCfg = Release|Any CPU
		{835C93AC-E0D8-45BB-A555-5194BDF20B2F}.Release|Any CPU.Build.0 = Release|Any CPU
	EndGlobalSection
	GlobalSection(SolutionProperties) = preSolution
		HideSolutionNode = FALSE
	EndGlobalSection
	GlobalSection(ExtensibilityGlobals) = postSolution
		SolutionGuid = {D2F85C42-2215-44BB-8AB8-3E3BF81DEA6E}
	EndGlobalSection
EndGlobal
